
Microsoft Visual Studio Solution File, Format Version 12.00
# Visual Studio Version 17
VisualStudioVersion = 17.0.31903.59
MinimumVisualStudioVersion = 10.0.40219.1
Project("{FAE04EC0-301F-11D3-BF4B-00C04F79EFBC}") = "Exercicios_02", "Exercicios_02\Exercicios_02.csproj", "{9A961DBA-89F8-4959-B115-CEF0237A5856}"
EndProject
Project("{FAE04EC0-301F-11D3-BF4B-00C04F79EFBC}") = "Bancário", "Bancário\Bancário.csproj", "{76AB9D1C-CE19-4AFB-B73E-E8ABB8ED5FA4}"
EndProject
Project("{FAE04EC0-301F-11D3-BF4B-00C04F79EFBC}") = "proj_LojaSapatos", "proj_LojaSapatos\proj_LojaSapatos.csproj", "{7A95E7D8-4633-4509-8E5D-4D60D0FA2E24}"
EndProject
Project("{FAE04EC0-301F-11D3-BF4B-00C04F79EFBC}") = "Proj_ToDoList", "Proj_ToDoList\Proj_ToDoList.csproj", "{D6FCB984-3E41-4E10-9704-3F63142BDB70}"
EndProject
Project("{FAE04EC0-301F-11D3-BF4B-00C04F79EFBC}") = "Aprendendo ARRAYS", "Aprendendo ARRAYS\Aprendendo ARRAYS.csproj", "{34A7E21C-9737-44AE-A7BE-8F560BB0C192}"
EndProject
Project("{FAE04EC0-301F-11D3-BF4B-00C04F79EFBC}") = "ProjToDoList_Objeto", "ProjToDoList_Objeto\ProjToDoList_Objeto.csproj", "{07BAB3E4-3ADB-4D52-992E-3F67098377DD}"
EndProject
Global
	GlobalSection(SolutionConfigurationPlatforms) = preSolution
		Debug|Any CPU = Debug|Any CPU
		Release|Any CPU = Release|Any CPU
	EndGlobalSection
	GlobalSection(ProjectConfigurationPlatforms) = postSolution
		{9A961DBA-89F8-4959-B115-CEF0237A5856}.Debug|Any CPU.ActiveCfg = Debug|Any CPU
		{9A961DBA-89F8-4959-B115-CEF0237A5856}.Debug|Any CPU.Build.0 = Debug|Any CPU
		{9A961DBA-89F8-4959-B115-CEF0237A5856}.Release|Any CPU.ActiveCfg = Release|Any CPU
		{9A961DBA-89F8-4959-B115-CEF0237A5856}.Release|Any CPU.Build.0 = Release|Any CPU
		{76AB9D1C-CE19-4AFB-B73E-E8ABB8ED5FA4}.Debug|Any CPU.ActiveCfg = Debug|Any CPU
		{76AB9D1C-CE19-4AFB-B73E-E8ABB8ED5FA4}.Debug|Any CPU.Build.0 = Debug|Any CPU
		{76AB9D1C-CE19-4AFB-B73E-E8ABB8ED5FA4}.Release|Any CPU.ActiveCfg = Release|Any CPU
		{76AB9D1C-CE19-4AFB-B73E-E8ABB8ED5FA4}.Release|Any CPU.Build.0 = Release|Any CPU
		{7A95E7D8-4633-4509-8E5D-4D60D0FA2E24}.Debug|Any CPU.ActiveCfg = Debug|Any CPU
		{7A95E7D8-4633-4509-8E5D-4D60D0FA2E24}.Debug|Any CPU.Build.0 = Debug|Any CPU
		{7A95E7D8-4633-4509-8E5D-4D60D0FA2E24}.Release|Any CPU.ActiveCfg = Release|Any CPU
		{7A95E7D8-4633-4509-8E5D-4D60D0FA2E24}.Release|Any CPU.Build.0 = Release|Any CPU
		{D6FCB984-3E41-4E10-9704-3F63142BDB70}.Debug|Any CPU.ActiveCfg = Debug|Any CPU
		{D6FCB984-3E41-4E10-9704-3F63142BDB70}.Debug|Any CPU.Build.0 = Debug|Any CPU
		{D6FCB984-3E41-4E10-9704-3F63142BDB70}.Release|Any CPU.ActiveCfg = Release|Any CPU
		{D6FCB984-3E41-4E10-9704-3F63142BDB70}.Release|Any CPU.Build.0 = Release|Any CPU
		{34A7E21C-9737-44AE-A7BE-8F560BB0C192}.Debug|Any CPU.ActiveCfg = Debug|Any CPU
		{34A7E21C-9737-44AE-A7BE-8F560BB0C192}.Debug|Any CPU.Build.0 = Debug|Any CPU
		{34A7E21C-9737-44AE-A7BE-8F560BB0C192}.Release|Any CPU.ActiveCfg = Release|Any CPU
		{34A7E21C-9737-44AE-A7BE-8F560BB0C192}.Release|Any CPU.Build.0 = Release|Any CPU
		{07BAB3E4-3ADB-4D52-992E-3F67098377DD}.Debug|Any CPU.ActiveCfg = Debug|Any CPU
		{07BAB3E4-3ADB-4D52-992E-3F67098377DD}.Debug|Any CPU.Build.0 = Debug|Any CPU
		{07BAB3E4-3ADB-4D52-992E-3F67098377DD}.Release|Any CPU.ActiveCfg = Release|Any CPU
		{07BAB3E4-3ADB-4D52-992E-3F67098377DD}.Release|Any CPU.Build.0 = Release|Any CPU
	EndGlobalSection
	GlobalSection(SolutionProperties) = preSolution
		HideSolutionNode = FALSE
	EndGlobalSection
EndGlobal
