
Microsoft Visual Studio Solution File, Format Version 12.00
# Visual Studio Version 17
VisualStudioVersion = 17.0.31903.59
MinimumVisualStudioVersion = 10.0.40219.1
Project("{FAE04EC0-301F-11D3-BF4B-00C04F79EFBC}") = "Exercicios_Curso", "Exercio01_Curso\Exercicios_Curso.csproj", "{84B78ED2-92B1-4271-8156-2409E445D8AB}"
EndProject
Project("{FAE04EC0-301F-11D3-BF4B-00C04F79EFBC}") = "Exercicios_02", "Exercicios_02\Exercicios_02.csproj", "{9A961DBA-89F8-4959-B115-CEF0237A5856}"
EndProject
Project("{FAE04EC0-301F-11D3-BF4B-00C04F79EFBC}") = "Proj_NotaEscolar", "Proj_NotaEscolar\Proj_NotaEscolar.csproj", "{27FE9642-10D6-4335-8633-7DC606677AE5}"
EndProject
Project("{FAE04EC0-301F-11D3-BF4B-00C04F79EFBC}") = "Proj_Calculadora", "Proj_Calculadora\Proj_Calculadora.csproj", "{5C83AAC9-06EC-4242-92C8-860DC329A42A}"
EndProject
Project("{FAE04EC0-301F-11D3-BF4B-00C04F79EFBC}") = "Tabuada", "Tabuada\Tabuada.csproj", "{49A431FE-8E83-49A1-88DE-A325163D4BA0}"
EndProject
Project("{FAE04EC0-301F-11D3-BF4B-00C04F79EFBC}") = "mostrarNumeros", "mostrarNumeros\mostrarNumeros.csproj", "{C0BC1E50-20DD-456B-B02E-B68C93138B52}"
EndProject
Project("{FAE04EC0-301F-11D3-BF4B-00C04F79EFBC}") = "Classe", "Classe\Classe.csproj", "{73348EFD-F172-46A8-A8EE-6F139778FB98}"
EndProject
Project("{FAE04EC0-301F-11D3-BF4B-00C04F79EFBC}") = "Bancário", "Bancário\Bancário.csproj", "{76AB9D1C-CE19-4AFB-B73E-E8ABB8ED5FA4}"
EndProject
Global
	GlobalSection(SolutionConfigurationPlatforms) = preSolution
		Debug|Any CPU = Debug|Any CPU
		Release|Any CPU = Release|Any CPU
	EndGlobalSection
	GlobalSection(ProjectConfigurationPlatforms) = postSolution
		{84B78ED2-92B1-4271-8156-2409E445D8AB}.Debug|Any CPU.ActiveCfg = Debug|Any CPU
		{84B78ED2-92B1-4271-8156-2409E445D8AB}.Debug|Any CPU.Build.0 = Debug|Any CPU
		{84B78ED2-92B1-4271-8156-2409E445D8AB}.Release|Any CPU.ActiveCfg = Release|Any CPU
		{84B78ED2-92B1-4271-8156-2409E445D8AB}.Release|Any CPU.Build.0 = Release|Any CPU
		{9A961DBA-89F8-4959-B115-CEF0237A5856}.Debug|Any CPU.ActiveCfg = Debug|Any CPU
		{9A961DBA-89F8-4959-B115-CEF0237A5856}.Debug|Any CPU.Build.0 = Debug|Any CPU
		{9A961DBA-89F8-4959-B115-CEF0237A5856}.Release|Any CPU.ActiveCfg = Release|Any CPU
		{9A961DBA-89F8-4959-B115-CEF0237A5856}.Release|Any CPU.Build.0 = Release|Any CPU
		{27FE9642-10D6-4335-8633-7DC606677AE5}.Debug|Any CPU.ActiveCfg = Debug|Any CPU
		{27FE9642-10D6-4335-8633-7DC606677AE5}.Debug|Any CPU.Build.0 = Debug|Any CPU
		{27FE9642-10D6-4335-8633-7DC606677AE5}.Release|Any CPU.ActiveCfg = Release|Any CPU
		{27FE9642-10D6-4335-8633-7DC606677AE5}.Release|Any CPU.Build.0 = Release|Any CPU
		{5C83AAC9-06EC-4242-92C8-860DC329A42A}.Debug|Any CPU.ActiveCfg = Debug|Any CPU
		{5C83AAC9-06EC-4242-92C8-860DC329A42A}.Debug|Any CPU.Build.0 = Debug|Any CPU
		{5C83AAC9-06EC-4242-92C8-860DC329A42A}.Release|Any CPU.ActiveCfg = Release|Any CPU
		{5C83AAC9-06EC-4242-92C8-860DC329A42A}.Release|Any CPU.Build.0 = Release|Any CPU
		{49A431FE-8E83-49A1-88DE-A325163D4BA0}.Debug|Any CPU.ActiveCfg = Debug|Any CPU
		{49A431FE-8E83-49A1-88DE-A325163D4BA0}.Debug|Any CPU.Build.0 = Debug|Any CPU
		{49A431FE-8E83-49A1-88DE-A325163D4BA0}.Release|Any CPU.ActiveCfg = Release|Any CPU
		{49A431FE-8E83-49A1-88DE-A325163D4BA0}.Release|Any CPU.Build.0 = Release|Any CPU
		{C0BC1E50-20DD-456B-B02E-B68C93138B52}.Debug|Any CPU.ActiveCfg = Debug|Any CPU
		{C0BC1E50-20DD-456B-B02E-B68C93138B52}.Debug|Any CPU.Build.0 = Debug|Any CPU
		{C0BC1E50-20DD-456B-B02E-B68C93138B52}.Release|Any CPU.ActiveCfg = Release|Any CPU
		{C0BC1E50-20DD-456B-B02E-B68C93138B52}.Release|Any CPU.Build.0 = Release|Any CPU
		{73348EFD-F172-46A8-A8EE-6F139778FB98}.Debug|Any CPU.ActiveCfg = Debug|Any CPU
		{73348EFD-F172-46A8-A8EE-6F139778FB98}.Debug|Any CPU.Build.0 = Debug|Any CPU
		{73348EFD-F172-46A8-A8EE-6F139778FB98}.Release|Any CPU.ActiveCfg = Release|Any CPU
		{73348EFD-F172-46A8-A8EE-6F139778FB98}.Release|Any CPU.Build.0 = Release|Any CPU
		{76AB9D1C-CE19-4AFB-B73E-E8ABB8ED5FA4}.Debug|Any CPU.ActiveCfg = Debug|Any CPU
		{76AB9D1C-CE19-4AFB-B73E-E8ABB8ED5FA4}.Debug|Any CPU.Build.0 = Debug|Any CPU
		{76AB9D1C-CE19-4AFB-B73E-E8ABB8ED5FA4}.Release|Any CPU.ActiveCfg = Release|Any CPU
		{76AB9D1C-CE19-4AFB-B73E-E8ABB8ED5FA4}.Release|Any CPU.Build.0 = Release|Any CPU
	EndGlobalSection
	GlobalSection(SolutionProperties) = preSolution
		HideSolutionNode = FALSE
	EndGlobalSection
EndGlobal
